
Microsoft Visual Studio Solution File, Format Version 12.00
# Visual Studio Version 17
VisualStudioVersion = 17.7.34202.233
MinimumVisualStudioVersion = 10.0.40219.1
Project("{FAE04EC0-301F-11D3-BF4B-00C04F79EFBC}") = "iciceform", "iciceform\iciceform.csproj", "{B12C94F9-57F1-46F4-9BF3-A2CE47285CDA}"
EndProject
Global
	GlobalSection(SolutionConfigurationPlatforms) = preSolution
		Debug|Any CPU = Debug|Any CPU
		Release|Any CPU = Release|Any CPU
	EndGlobalSection
	GlobalSection(ProjectConfigurationPlatforms) = postSolution
		{B12C94F9-57F1-46F4-9BF3-A2CE47285CDA}.Debug|Any CPU.ActiveCfg = Debug|Any CPU
		{B12C94F9-57F1-46F4-9BF3-A2CE47285CDA}.Debug|Any CPU.Build.0 = Debug|Any CPU
		{B12C94F9-57F1-46F4-9BF3-A2CE47285CDA}.Release|Any CPU.ActiveCfg = Release|Any CPU
		{B12C94F9-57F1-46F4-9BF3-A2CE47285CDA}.Release|Any CPU.Build.0 = Release|Any CPU
	EndGlobalSection
	GlobalSection(SolutionProperties) = preSolution
		HideSolutionNode = FALSE
	EndGlobalSection
	GlobalSection(ExtensibilityGlobals) = postSolution
		SolutionGuid = {4709879E-95F7-4F51-8C75-654B8960E938}
	EndGlobalSection
EndGlobal
